
Microsoft Visual Studio Solution File, Format Version 11.00
# Visual Studio 2010
Project("{FAE04EC0-301F-11D3-BF4B-00C04F79EFBC}") = "SisCad", "SisCad Form\SisCad\SisCad.csproj", "{E97E3F6A-BC96-40A6-822D-506ACE1C719F}"
EndProject
Project("{FAE04EC0-301F-11D3-BF4B-00C04F79EFBC}") = "Entidades", "Entidades\Entidades.csproj", "{820CF211-5FB7-4358-82A5-5E939FDF156C}"
EndProject
Project("{FAE04EC0-301F-11D3-BF4B-00C04F79EFBC}") = "Model", "Model\Model.csproj", "{6E7D5D60-E1E9-4159-BDFD-375497C68D8F}"
EndProject
Global
	GlobalSection(SolutionConfigurationPlatforms) = preSolution
		Debug|Any CPU = Debug|Any CPU
		Debug|Mixed Platforms = Debug|Mixed Platforms
		Debug|x86 = Debug|x86
		Release|Any CPU = Release|Any CPU
		Release|Mixed Platforms = Release|Mixed Platforms
		Release|x86 = Release|x86
	EndGlobalSection
	GlobalSection(ProjectConfigurationPlatforms) = postSolution
		{E97E3F6A-BC96-40A6-822D-506ACE1C719F}.Debug|Any CPU.ActiveCfg = Debug|x86
		{E97E3F6A-BC96-40A6-822D-506ACE1C719F}.Debug|Mixed Platforms.ActiveCfg = Debug|x86
		{E97E3F6A-BC96-40A6-822D-506ACE1C719F}.Debug|Mixed Platforms.Build.0 = Debug|x86
		{E97E3F6A-BC96-40A6-822D-506ACE1C719F}.Debug|x86.ActiveCfg = Debug|x86
		{E97E3F6A-BC96-40A6-822D-506ACE1C719F}.Debug|x86.Build.0 = Debug|x86
		{E97E3F6A-BC96-40A6-822D-506ACE1C719F}.Release|Any CPU.ActiveCfg = Release|x86
		{E97E3F6A-BC96-40A6-822D-506ACE1C719F}.Release|Mixed Platforms.ActiveCfg = Release|x86
		{E97E3F6A-BC96-40A6-822D-506ACE1C719F}.Release|Mixed Platforms.Build.0 = Release|x86
		{E97E3F6A-BC96-40A6-822D-506ACE1C719F}.Release|x86.ActiveCfg = Release|x86
		{E97E3F6A-BC96-40A6-822D-506ACE1C719F}.Release|x86.Build.0 = Release|x86
		{820CF211-5FB7-4358-82A5-5E939FDF156C}.Debug|Any CPU.ActiveCfg = Debug|Any CPU
		{820CF211-5FB7-4358-82A5-5E939FDF156C}.Debug|Any CPU.Build.0 = Debug|Any CPU
		{820CF211-5FB7-4358-82A5-5E939FDF156C}.Debug|Mixed Platforms.ActiveCfg = Debug|Any CPU
		{820CF211-5FB7-4358-82A5-5E939FDF156C}.Debug|Mixed Platforms.Build.0 = Debug|Any CPU
		{820CF211-5FB7-4358-82A5-5E939FDF156C}.Debug|x86.ActiveCfg = Debug|Any CPU
		{820CF211-5FB7-4358-82A5-5E939FDF156C}.Release|Any CPU.ActiveCfg = Release|Any CPU
		{820CF211-5FB7-4358-82A5-5E939FDF156C}.Release|Any CPU.Build.0 = Release|Any CPU
		{820CF211-5FB7-4358-82A5-5E939FDF156C}.Release|Mixed Platforms.ActiveCfg = Release|Any CPU
		{820CF211-5FB7-4358-82A5-5E939FDF156C}.Release|Mixed Platforms.Build.0 = Release|Any CPU
		{820CF211-5FB7-4358-82A5-5E939FDF156C}.Release|x86.ActiveCfg = Release|Any CPU
		{6E7D5D60-E1E9-4159-BDFD-375497C68D8F}.Debug|Any CPU.ActiveCfg = Debug|Any CPU
		{6E7D5D60-E1E9-4159-BDFD-375497C68D8F}.Debug|Any CPU.Build.0 = Debug|Any CPU
		{6E7D5D60-E1E9-4159-BDFD-375497C68D8F}.Debug|Mixed Platforms.ActiveCfg = Debug|Any CPU
		{6E7D5D60-E1E9-4159-BDFD-375497C68D8F}.Debug|Mixed Platforms.Build.0 = Debug|Any CPU
		{6E7D5D60-E1E9-4159-BDFD-375497C68D8F}.Debug|x86.ActiveCfg = Debug|Any CPU
		{6E7D5D60-E1E9-4159-BDFD-375497C68D8F}.Release|Any CPU.ActiveCfg = Release|Any CPU
		{6E7D5D60-E1E9-4159-BDFD-375497C68D8F}.Release|Any CPU.Build.0 = Release|Any CPU
		{6E7D5D60-E1E9-4159-BDFD-375497C68D8F}.Release|Mixed Platforms.ActiveCfg = Release|Any CPU
		{6E7D5D60-E1E9-4159-BDFD-375497C68D8F}.Release|Mixed Platforms.Build.0 = Release|Any CPU
		{6E7D5D60-E1E9-4159-BDFD-375497C68D8F}.Release|x86.ActiveCfg = Release|Any CPU
	EndGlobalSection
	GlobalSection(SolutionProperties) = preSolution
		HideSolutionNode = FALSE
	EndGlobalSection
EndGlobal
